<?xml version="1.0" encoding="utf-8"?>
<Project ToolsVersion="14.0" xmlns="http://schemas.microsoft.com/developer/msbuild/2003">
  <ItemGroup>
    <Filter Include="Package Dependencies">
      <UniqueIdentifier>17f55c65-ae68-441a-b8c4-e2aab7a21723</UniqueIdentifier>
      <Extensions>pfx;appxmanifest;config</Extensions>
    </Filter>
    <Filter Include="Package Dependencies\Assets">
      <UniqueIdentifier>a4a1fb7b-2415-4267-9e3e-d36de1e16dde</UniqueIdentifier>
      <Extensions>png</Extensions>
    </Filter>
    <Filter Include="Package Dependencies\Include">
      <UniqueIdentifier>5dad3241-da0b-4948-b111-b7cba8d1e871</UniqueIdentifier>
    </Filter>
  </ItemGroup>
  <ItemGroup>
    <ClCompile Include="StartupTask.cpp">
      <Filter>Package Dependencies</Filter>
    </ClCompile>
    <ClCompile Include="WeatherShield.ino" />
  </ItemGroup>
  <ItemGroup>
    <ClInclude Include="pch.h">
      <Filter>Package Dependencies\Include</Filter>
    </ClInclude>
    <ClInclude Include="PinNumbers.h">
      <Filter>Package Dependencies\Include</Filter>
    </ClInclude>
  </ItemGroup>
  <ItemGroup>
    <Image Include="Assets\LockScreenLogo.scale-200.png">
      <Filter>Package Dependencies\Assets</Filter>
    </Image>
    <Image Include="Assets\SplashScreen.scale-200.png">
      <Filter>Package Dependencies\Assets</Filter>
    </Image>
    <Image Include="Assets\Square150x150Logo.scale-200.png">
      <Filter>Package Dependencies\Assets</Filter>
    </Image>
    <Image Include="Assets\Square44x44Logo.scale-200.png">
      <Filter>Package Dependencies\Assets</Filter>
    </Image>
    <Image Include="Assets\Square44x44Logo.targetsize-24_altform-unplated.png">
      <Filter>Package Dependencies\Assets</Filter>
    </Image>
    <Image Include="Assets\StoreLogo.png">
      <Filter>Package Dependencies\Assets</Filter>
    </Image>
    <Image Include="Assets\Wide310x150Logo.scale-200.png">
      <Filter>Package Dependencies\Assets</Filter>
    </Image>
  </ItemGroup>
  <ItemGroup>
    <AppxManifest Include="Package.appxmanifest">
      <Filter>Package Dependencies</Filter>
    </AppxManifest>
  </ItemGroup>
  <ItemGroup>
    <None Include="packages.config">
      <Filter>Package Dependencies</Filter>
    </None>
    <None Include="WeatherShield_TemporaryKey.pfx">
      <Filter>Package Dependencies</Filter>
    </None>
  </ItemGroup>
</Project>